{
  "object": {
    "pins": [
      {
        "package": "SwiftGraph",
        "repositoryURL": "https://github.com/davecom/SwiftGraph",
        "state": {
          "branch": "master",
          "revision": "59414e26a0d48aece7d842720f24bdebddfe9ae9",
          "version": null
        }
      }
    ]
  },
  "version": 1
}
